
Microsoft Visual Studio Solution File, Format Version 12.00
# Visual Studio Version 16
VisualStudioVersion = 16.0.31424.327
MinimumVisualStudioVersion = 10.0.40219.1
Project("{FAE04EC0-301F-11D3-BF4B-00C04F79EFBC}") = "TechMangoWPFControls", "TechMangoWPFControls\TechMangoWPFControls.csproj", "{B84EBB5E-B632-4D22-B14B-DABA8779E319}"
EndProject
Project("{FAE04EC0-301F-11D3-BF4B-00C04F79EFBC}") = "TMBL", "TMBL\TMBL.csproj", "{3ED17CF8-BF2E-4701-9AD6-BB63CE77B270}"
EndProject
Project("{FAE04EC0-301F-11D3-BF4B-00C04F79EFBC}") = "TMDAL", "TMDAL\TMDAL.csproj", "{31B95131-A699-406D-9A6D-338914989D39}"
EndProject
Global
	GlobalSection(SolutionConfigurationPlatforms) = preSolution
		Debug|Any CPU = Debug|Any CPU
		Release|Any CPU = Release|Any CPU
	EndGlobalSection
	GlobalSection(ProjectConfigurationPlatforms) = postSolution
		{B84EBB5E-B632-4D22-B14B-DABA8779E319}.Debug|Any CPU.ActiveCfg = Debug|Any CPU
		{B84EBB5E-B632-4D22-B14B-DABA8779E319}.Debug|Any CPU.Build.0 = Debug|Any CPU
		{B84EBB5E-B632-4D22-B14B-DABA8779E319}.Release|Any CPU.ActiveCfg = Release|Any CPU
		{B84EBB5E-B632-4D22-B14B-DABA8779E319}.Release|Any CPU.Build.0 = Release|Any CPU
		{3ED17CF8-BF2E-4701-9AD6-BB63CE77B270}.Debug|Any CPU.ActiveCfg = Debug|Any CPU
		{3ED17CF8-BF2E-4701-9AD6-BB63CE77B270}.Debug|Any CPU.Build.0 = Debug|Any CPU
		{3ED17CF8-BF2E-4701-9AD6-BB63CE77B270}.Release|Any CPU.ActiveCfg = Release|Any CPU
		{3ED17CF8-BF2E-4701-9AD6-BB63CE77B270}.Release|Any CPU.Build.0 = Release|Any CPU
		{31B95131-A699-406D-9A6D-338914989D39}.Debug|Any CPU.ActiveCfg = Debug|Any CPU
		{31B95131-A699-406D-9A6D-338914989D39}.Debug|Any CPU.Build.0 = Debug|Any CPU
		{31B95131-A699-406D-9A6D-338914989D39}.Release|Any CPU.ActiveCfg = Release|Any CPU
		{31B95131-A699-406D-9A6D-338914989D39}.Release|Any CPU.Build.0 = Release|Any CPU
	EndGlobalSection
	GlobalSection(SolutionProperties) = preSolution
		HideSolutionNode = FALSE
	EndGlobalSection
	GlobalSection(ExtensibilityGlobals) = postSolution
		SolutionGuid = {7177F44A-320C-4674-B41E-58BB413C683B}
	EndGlobalSection
EndGlobal
